
Microsoft Visual Studio Solution File, Format Version 12.00
# Visual Studio Version 16
VisualStudioVersion = 16.0.29905.134
MinimumVisualStudioVersion = 10.0.40219.1
Project("{FAE04EC0-301F-11D3-BF4B-00C04F79EFBC}") = "IntersectionLibrary", "IntersectionLibrary\IntersectionLibrary.csproj", "{8EFA090B-5A46-4712-B7BD-BA23526EFF3E}"
EndProject
Project("{FAE04EC0-301F-11D3-BF4B-00C04F79EFBC}") = "TestIntersectionLibrary", "..\TestIntersectionLibrary\TestIntersectionLibrary.csproj", "{4224104E-5229-4FBE-9259-D5C20CD4467B}"
EndProject
Global
	GlobalSection(SolutionConfigurationPlatforms) = preSolution
		Debug|Any CPU = Debug|Any CPU
		Debug|x64 = Debug|x64
		Release|Any CPU = Release|Any CPU
		Release|x64 = Release|x64
	EndGlobalSection
	GlobalSection(ProjectConfigurationPlatforms) = postSolution
		{8EFA090B-5A46-4712-B7BD-BA23526EFF3E}.Debug|Any CPU.ActiveCfg = Debug|Any CPU
		{8EFA090B-5A46-4712-B7BD-BA23526EFF3E}.Debug|Any CPU.Build.0 = Debug|Any CPU
		{8EFA090B-5A46-4712-B7BD-BA23526EFF3E}.Debug|x64.ActiveCfg = Debug|x64
		{8EFA090B-5A46-4712-B7BD-BA23526EFF3E}.Debug|x64.Build.0 = Debug|x64
		{8EFA090B-5A46-4712-B7BD-BA23526EFF3E}.Release|Any CPU.ActiveCfg = Release|Any CPU
		{8EFA090B-5A46-4712-B7BD-BA23526EFF3E}.Release|Any CPU.Build.0 = Release|Any CPU
		{8EFA090B-5A46-4712-B7BD-BA23526EFF3E}.Release|x64.ActiveCfg = Release|x64
		{8EFA090B-5A46-4712-B7BD-BA23526EFF3E}.Release|x64.Build.0 = Release|x64
		{4224104E-5229-4FBE-9259-D5C20CD4467B}.Debug|Any CPU.ActiveCfg = Debug|Any CPU
		{4224104E-5229-4FBE-9259-D5C20CD4467B}.Debug|Any CPU.Build.0 = Debug|Any CPU
		{4224104E-5229-4FBE-9259-D5C20CD4467B}.Debug|x64.ActiveCfg = Debug|Any CPU
		{4224104E-5229-4FBE-9259-D5C20CD4467B}.Debug|x64.Build.0 = Debug|Any CPU
		{4224104E-5229-4FBE-9259-D5C20CD4467B}.Release|Any CPU.ActiveCfg = Release|Any CPU
		{4224104E-5229-4FBE-9259-D5C20CD4467B}.Release|Any CPU.Build.0 = Release|Any CPU
		{4224104E-5229-4FBE-9259-D5C20CD4467B}.Release|x64.ActiveCfg = Release|Any CPU
		{4224104E-5229-4FBE-9259-D5C20CD4467B}.Release|x64.Build.0 = Release|Any CPU
	EndGlobalSection
	GlobalSection(SolutionProperties) = preSolution
		HideSolutionNode = FALSE
	EndGlobalSection
	GlobalSection(ExtensibilityGlobals) = postSolution
		SolutionGuid = {01F4BB85-744C-49F0-894D-680E94D40622}
	EndGlobalSection
EndGlobal
