
Microsoft Visual Studio Solution File, Format Version 12.00
# Visual Studio Version 16
VisualStudioVersion = 16.0.29905.134
MinimumVisualStudioVersion = 10.0.40219.1
Project("{9A19103F-16F7-4668-BE54-9A1E7A4F7556}") = "IntersectionLibrary", "IntersectionLibrary\IntersectionLibrary.csproj", "{8EFA090B-5A46-4712-B7BD-BA23526EFF3E}"
EndProject
Project("{9A19103F-16F7-4668-BE54-9A1E7A4F7556}") = "TestIntersectionLibrary", "..\TestIntersectionLibrary\TestIntersectionLibrary.csproj", "{4224104E-5229-4FBE-9259-D5C20CD4467B}"
EndProject
Project("{FAE04EC0-301F-11D3-BF4B-00C04F79EFBC}") = "ConsoleApp", "..\ConsoleApp\ConsoleApp.csproj", "{0CEDF25A-EAFB-40C5-B0B3-6BA7FD81DD65}"
EndProject
Project("{FAE04EC0-301F-11D3-BF4B-00C04F79EFBC}") = "WindowsApp", "..\WindowsApp\WindowsApp.csproj", "{35515A41-AFC4-4532-83E4-CE4F562D0CFC}"
EndProject
Global
	GlobalSection(SolutionConfigurationPlatforms) = preSolution
		Debug|Any CPU = Debug|Any CPU
		Debug|ARM = Debug|ARM
		Debug|ARM64 = Debug|ARM64
		Debug|x64 = Debug|x64
		Debug|x86 = Debug|x86
		Release|Any CPU = Release|Any CPU
		Release|ARM = Release|ARM
		Release|ARM64 = Release|ARM64
		Release|x64 = Release|x64
		Release|x86 = Release|x86
	EndGlobalSection
	GlobalSection(ProjectConfigurationPlatforms) = postSolution
		{8EFA090B-5A46-4712-B7BD-BA23526EFF3E}.Debug|Any CPU.ActiveCfg = Debug|Any CPU
		{8EFA090B-5A46-4712-B7BD-BA23526EFF3E}.Debug|Any CPU.Build.0 = Debug|Any CPU
		{8EFA090B-5A46-4712-B7BD-BA23526EFF3E}.Debug|ARM.ActiveCfg = Debug|Any CPU
		{8EFA090B-5A46-4712-B7BD-BA23526EFF3E}.Debug|ARM.Build.0 = Debug|Any CPU
		{8EFA090B-5A46-4712-B7BD-BA23526EFF3E}.Debug|ARM64.ActiveCfg = Debug|Any CPU
		{8EFA090B-5A46-4712-B7BD-BA23526EFF3E}.Debug|ARM64.Build.0 = Debug|Any CPU
		{8EFA090B-5A46-4712-B7BD-BA23526EFF3E}.Debug|x64.ActiveCfg = Debug|x64
		{8EFA090B-5A46-4712-B7BD-BA23526EFF3E}.Debug|x64.Build.0 = Debug|x64
		{8EFA090B-5A46-4712-B7BD-BA23526EFF3E}.Debug|x86.ActiveCfg = Debug|Any CPU
		{8EFA090B-5A46-4712-B7BD-BA23526EFF3E}.Debug|x86.Build.0 = Debug|Any CPU
		{8EFA090B-5A46-4712-B7BD-BA23526EFF3E}.Release|Any CPU.ActiveCfg = Release|Any CPU
		{8EFA090B-5A46-4712-B7BD-BA23526EFF3E}.Release|Any CPU.Build.0 = Release|Any CPU
		{8EFA090B-5A46-4712-B7BD-BA23526EFF3E}.Release|ARM.ActiveCfg = Release|Any CPU
		{8EFA090B-5A46-4712-B7BD-BA23526EFF3E}.Release|ARM.Build.0 = Release|Any CPU
		{8EFA090B-5A46-4712-B7BD-BA23526EFF3E}.Release|ARM64.ActiveCfg = Release|Any CPU
		{8EFA090B-5A46-4712-B7BD-BA23526EFF3E}.Release|ARM64.Build.0 = Release|Any CPU
		{8EFA090B-5A46-4712-B7BD-BA23526EFF3E}.Release|x64.ActiveCfg = Release|x64
		{8EFA090B-5A46-4712-B7BD-BA23526EFF3E}.Release|x64.Build.0 = Release|x64
		{8EFA090B-5A46-4712-B7BD-BA23526EFF3E}.Release|x86.ActiveCfg = Release|Any CPU
		{8EFA090B-5A46-4712-B7BD-BA23526EFF3E}.Release|x86.Build.0 = Release|Any CPU
		{4224104E-5229-4FBE-9259-D5C20CD4467B}.Debug|Any CPU.ActiveCfg = Debug|Any CPU
		{4224104E-5229-4FBE-9259-D5C20CD4467B}.Debug|Any CPU.Build.0 = Debug|Any CPU
		{4224104E-5229-4FBE-9259-D5C20CD4467B}.Debug|ARM.ActiveCfg = Debug|Any CPU
		{4224104E-5229-4FBE-9259-D5C20CD4467B}.Debug|ARM.Build.0 = Debug|Any CPU
		{4224104E-5229-4FBE-9259-D5C20CD4467B}.Debug|ARM64.ActiveCfg = Debug|Any CPU
		{4224104E-5229-4FBE-9259-D5C20CD4467B}.Debug|ARM64.Build.0 = Debug|Any CPU
		{4224104E-5229-4FBE-9259-D5C20CD4467B}.Debug|x64.ActiveCfg = Debug|Any CPU
		{4224104E-5229-4FBE-9259-D5C20CD4467B}.Debug|x64.Build.0 = Debug|Any CPU
		{4224104E-5229-4FBE-9259-D5C20CD4467B}.Debug|x86.ActiveCfg = Debug|Any CPU
		{4224104E-5229-4FBE-9259-D5C20CD4467B}.Debug|x86.Build.0 = Debug|Any CPU
		{4224104E-5229-4FBE-9259-D5C20CD4467B}.Release|Any CPU.ActiveCfg = Release|Any CPU
		{4224104E-5229-4FBE-9259-D5C20CD4467B}.Release|Any CPU.Build.0 = Release|Any CPU
		{4224104E-5229-4FBE-9259-D5C20CD4467B}.Release|ARM.ActiveCfg = Release|Any CPU
		{4224104E-5229-4FBE-9259-D5C20CD4467B}.Release|ARM.Build.0 = Release|Any CPU
		{4224104E-5229-4FBE-9259-D5C20CD4467B}.Release|ARM64.ActiveCfg = Release|Any CPU
		{4224104E-5229-4FBE-9259-D5C20CD4467B}.Release|ARM64.Build.0 = Release|Any CPU
		{4224104E-5229-4FBE-9259-D5C20CD4467B}.Release|x64.ActiveCfg = Release|Any CPU
		{4224104E-5229-4FBE-9259-D5C20CD4467B}.Release|x64.Build.0 = Release|Any CPU
		{4224104E-5229-4FBE-9259-D5C20CD4467B}.Release|x86.ActiveCfg = Release|Any CPU
		{4224104E-5229-4FBE-9259-D5C20CD4467B}.Release|x86.Build.0 = Release|Any CPU
		{0CEDF25A-EAFB-40C5-B0B3-6BA7FD81DD65}.Debug|Any CPU.ActiveCfg = Debug|Any CPU
		{0CEDF25A-EAFB-40C5-B0B3-6BA7FD81DD65}.Debug|Any CPU.Build.0 = Debug|Any CPU
		{0CEDF25A-EAFB-40C5-B0B3-6BA7FD81DD65}.Debug|ARM.ActiveCfg = Debug|Any CPU
		{0CEDF25A-EAFB-40C5-B0B3-6BA7FD81DD65}.Debug|ARM.Build.0 = Debug|Any CPU
		{0CEDF25A-EAFB-40C5-B0B3-6BA7FD81DD65}.Debug|ARM64.ActiveCfg = Debug|Any CPU
		{0CEDF25A-EAFB-40C5-B0B3-6BA7FD81DD65}.Debug|ARM64.Build.0 = Debug|Any CPU
		{0CEDF25A-EAFB-40C5-B0B3-6BA7FD81DD65}.Debug|x64.ActiveCfg = Debug|Any CPU
		{0CEDF25A-EAFB-40C5-B0B3-6BA7FD81DD65}.Debug|x64.Build.0 = Debug|Any CPU
		{0CEDF25A-EAFB-40C5-B0B3-6BA7FD81DD65}.Debug|x86.ActiveCfg = Debug|Any CPU
		{0CEDF25A-EAFB-40C5-B0B3-6BA7FD81DD65}.Debug|x86.Build.0 = Debug|Any CPU
		{0CEDF25A-EAFB-40C5-B0B3-6BA7FD81DD65}.Release|Any CPU.ActiveCfg = Release|Any CPU
		{0CEDF25A-EAFB-40C5-B0B3-6BA7FD81DD65}.Release|Any CPU.Build.0 = Release|Any CPU
		{0CEDF25A-EAFB-40C5-B0B3-6BA7FD81DD65}.Release|ARM.ActiveCfg = Release|Any CPU
		{0CEDF25A-EAFB-40C5-B0B3-6BA7FD81DD65}.Release|ARM.Build.0 = Release|Any CPU
		{0CEDF25A-EAFB-40C5-B0B3-6BA7FD81DD65}.Release|ARM64.ActiveCfg = Release|Any CPU
		{0CEDF25A-EAFB-40C5-B0B3-6BA7FD81DD65}.Release|ARM64.Build.0 = Release|Any CPU
		{0CEDF25A-EAFB-40C5-B0B3-6BA7FD81DD65}.Release|x64.ActiveCfg = Release|Any CPU
		{0CEDF25A-EAFB-40C5-B0B3-6BA7FD81DD65}.Release|x64.Build.0 = Release|Any CPU
		{0CEDF25A-EAFB-40C5-B0B3-6BA7FD81DD65}.Release|x86.ActiveCfg = Release|Any CPU
		{0CEDF25A-EAFB-40C5-B0B3-6BA7FD81DD65}.Release|x86.Build.0 = Release|Any CPU
		{35515A41-AFC4-4532-83E4-CE4F562D0CFC}.Debug|Any CPU.ActiveCfg = Debug|x86
		{35515A41-AFC4-4532-83E4-CE4F562D0CFC}.Debug|ARM.ActiveCfg = Debug|ARM
		{35515A41-AFC4-4532-83E4-CE4F562D0CFC}.Debug|ARM.Build.0 = Debug|ARM
		{35515A41-AFC4-4532-83E4-CE4F562D0CFC}.Debug|ARM.Deploy.0 = Debug|ARM
		{35515A41-AFC4-4532-83E4-CE4F562D0CFC}.Debug|ARM64.ActiveCfg = Debug|ARM64
		{35515A41-AFC4-4532-83E4-CE4F562D0CFC}.Debug|ARM64.Build.0 = Debug|ARM64
		{35515A41-AFC4-4532-83E4-CE4F562D0CFC}.Debug|ARM64.Deploy.0 = Debug|ARM64
		{35515A41-AFC4-4532-83E4-CE4F562D0CFC}.Debug|x64.ActiveCfg = Debug|x64
		{35515A41-AFC4-4532-83E4-CE4F562D0CFC}.Debug|x64.Build.0 = Debug|x64
		{35515A41-AFC4-4532-83E4-CE4F562D0CFC}.Debug|x64.Deploy.0 = Debug|x64
		{35515A41-AFC4-4532-83E4-CE4F562D0CFC}.Debug|x86.ActiveCfg = Debug|x86
		{35515A41-AFC4-4532-83E4-CE4F562D0CFC}.Debug|x86.Build.0 = Debug|x86
		{35515A41-AFC4-4532-83E4-CE4F562D0CFC}.Debug|x86.Deploy.0 = Debug|x86
		{35515A41-AFC4-4532-83E4-CE4F562D0CFC}.Release|Any CPU.ActiveCfg = Release|x86
		{35515A41-AFC4-4532-83E4-CE4F562D0CFC}.Release|ARM.ActiveCfg = Release|ARM
		{35515A41-AFC4-4532-83E4-CE4F562D0CFC}.Release|ARM.Build.0 = Release|ARM
		{35515A41-AFC4-4532-83E4-CE4F562D0CFC}.Release|ARM.Deploy.0 = Release|ARM
		{35515A41-AFC4-4532-83E4-CE4F562D0CFC}.Release|ARM64.ActiveCfg = Release|ARM64
		{35515A41-AFC4-4532-83E4-CE4F562D0CFC}.Release|ARM64.Build.0 = Release|ARM64
		{35515A41-AFC4-4532-83E4-CE4F562D0CFC}.Release|ARM64.Deploy.0 = Release|ARM64
		{35515A41-AFC4-4532-83E4-CE4F562D0CFC}.Release|x64.ActiveCfg = Release|x64
		{35515A41-AFC4-4532-83E4-CE4F562D0CFC}.Release|x64.Build.0 = Release|x64
		{35515A41-AFC4-4532-83E4-CE4F562D0CFC}.Release|x64.Deploy.0 = Release|x64
		{35515A41-AFC4-4532-83E4-CE4F562D0CFC}.Release|x86.ActiveCfg = Release|x86
		{35515A41-AFC4-4532-83E4-CE4F562D0CFC}.Release|x86.Build.0 = Release|x86
		{35515A41-AFC4-4532-83E4-CE4F562D0CFC}.Release|x86.Deploy.0 = Release|x86
	EndGlobalSection
	GlobalSection(SolutionProperties) = preSolution
		HideSolutionNode = FALSE
	EndGlobalSection
	GlobalSection(ExtensibilityGlobals) = postSolution
		SolutionGuid = {01F4BB85-744C-49F0-894D-680E94D40622}
	EndGlobalSection
EndGlobal
